
Microsoft Visual Studio Solution File, Format Version 12.00
# Visual Studio Version 17
VisualStudioVersion = 17.8.34525.116
MinimumVisualStudioVersion = 10.0.40219.1
Project("{FAE04EC0-301F-11D3-BF4B-00C04F79EFBC}") = "IdentityReactTailAdminApp.Server", "IdentityReactTailAdminApp.Server\IdentityReactTailAdminApp.Server.csproj", "{E5E9FFB3-FECD-495D-914A-FE3539B6BF07}"
EndProject
Project("{54A90642-561A-4BB1-A94E-469ADEE60C69}") = "identityreacttailadminapp.client", "identityreacttailadminapp.client\identityreacttailadminapp.client.esproj", "{8DCD2555-2C83-4999-8120-CF3F54BB598D}"
EndProject
Global
	GlobalSection(SolutionConfigurationPlatforms) = preSolution
		Debug|Any CPU = Debug|Any CPU
		Release|Any CPU = Release|Any CPU
	EndGlobalSection
	GlobalSection(ProjectConfigurationPlatforms) = postSolution
		{E5E9FFB3-FECD-495D-914A-FE3539B6BF07}.Debug|Any CPU.ActiveCfg = Debug|Any CPU
		{E5E9FFB3-FECD-495D-914A-FE3539B6BF07}.Debug|Any CPU.Build.0 = Debug|Any CPU
		{E5E9FFB3-FECD-495D-914A-FE3539B6BF07}.Release|Any CPU.ActiveCfg = Release|Any CPU
		{E5E9FFB3-FECD-495D-914A-FE3539B6BF07}.Release|Any CPU.Build.0 = Release|Any CPU
		{8DCD2555-2C83-4999-8120-CF3F54BB598D}.Debug|Any CPU.ActiveCfg = Debug|Any CPU
		{8DCD2555-2C83-4999-8120-CF3F54BB598D}.Debug|Any CPU.Build.0 = Debug|Any CPU
		{8DCD2555-2C83-4999-8120-CF3F54BB598D}.Debug|Any CPU.Deploy.0 = Debug|Any CPU
		{8DCD2555-2C83-4999-8120-CF3F54BB598D}.Release|Any CPU.ActiveCfg = Release|Any CPU
		{8DCD2555-2C83-4999-8120-CF3F54BB598D}.Release|Any CPU.Build.0 = Release|Any CPU
		{8DCD2555-2C83-4999-8120-CF3F54BB598D}.Release|Any CPU.Deploy.0 = Release|Any CPU
	EndGlobalSection
	GlobalSection(SolutionProperties) = preSolution
		HideSolutionNode = FALSE
	EndGlobalSection
	GlobalSection(ExtensibilityGlobals) = postSolution
		SolutionGuid = {7363F6F6-870D-4247-8852-B07C6F139BB8}
	EndGlobalSection
EndGlobal
